
Microsoft Visual Studio Solution File, Format Version 12.00
# Visual Studio Version 17
VisualStudioVersion = 17.9.34622.214
MinimumVisualStudioVersion = 10.0.40219.1
Project("{9A19103F-16F7-4668-BE54-9A1E7A4F7556}") = "plecakowy1", "plecakowy1.csproj", "{F91FD039-17F7-4255-8DAD-2375D5D40BBB}"
EndProject
Project("{9A19103F-16F7-4668-BE54-9A1E7A4F7556}") = "test1", "..\test1\test1.csproj", "{53B75D6B-B055-4F35-8FF1-85326CA64403}"
EndProject
Project("{FAE04EC0-301F-11D3-BF4B-00C04F79EFBC}") = "GUI", "..\GUI\GUI.csproj", "{E90C52BF-D40B-4537-8065-6ED963F8DFA7}"
EndProject
Global
	GlobalSection(SolutionConfigurationPlatforms) = preSolution
		Debug|Any CPU = Debug|Any CPU
		Release|Any CPU = Release|Any CPU
	EndGlobalSection
	GlobalSection(ProjectConfigurationPlatforms) = postSolution
		{F91FD039-17F7-4255-8DAD-2375D5D40BBB}.Debug|Any CPU.ActiveCfg = Debug|Any CPU
		{F91FD039-17F7-4255-8DAD-2375D5D40BBB}.Debug|Any CPU.Build.0 = Debug|Any CPU
		{F91FD039-17F7-4255-8DAD-2375D5D40BBB}.Release|Any CPU.ActiveCfg = Release|Any CPU
		{F91FD039-17F7-4255-8DAD-2375D5D40BBB}.Release|Any CPU.Build.0 = Release|Any CPU
		{53B75D6B-B055-4F35-8FF1-85326CA64403}.Debug|Any CPU.ActiveCfg = Debug|Any CPU
		{53B75D6B-B055-4F35-8FF1-85326CA64403}.Debug|Any CPU.Build.0 = Debug|Any CPU
		{53B75D6B-B055-4F35-8FF1-85326CA64403}.Release|Any CPU.ActiveCfg = Release|Any CPU
		{53B75D6B-B055-4F35-8FF1-85326CA64403}.Release|Any CPU.Build.0 = Release|Any CPU
		{E90C52BF-D40B-4537-8065-6ED963F8DFA7}.Debug|Any CPU.ActiveCfg = Debug|Any CPU
		{E90C52BF-D40B-4537-8065-6ED963F8DFA7}.Debug|Any CPU.Build.0 = Debug|Any CPU
		{E90C52BF-D40B-4537-8065-6ED963F8DFA7}.Release|Any CPU.ActiveCfg = Release|Any CPU
		{E90C52BF-D40B-4537-8065-6ED963F8DFA7}.Release|Any CPU.Build.0 = Release|Any CPU
	EndGlobalSection
	GlobalSection(SolutionProperties) = preSolution
		HideSolutionNode = FALSE
	EndGlobalSection
	GlobalSection(ExtensibilityGlobals) = postSolution
		SolutionGuid = {F41A8558-F91C-4A26-9805-B5B9EF3E4062}
	EndGlobalSection
EndGlobal
